// !$*UTF8*$!
{
	archiveVersion = 1;
	classes = {
	};
	objectVersion = 46;
	objects = {

/* Begin PBXBuildFile section */
		840238331EAE6A1B00E9DC91 /* AppDelegate.swift in Sources */ = {isa = PBXBuildFile; fileRef = 840238321EAE6A1B00E9DC91 /* AppDelegate.swift */; };
		840238381EAE6A1B00E9DC91 /* Main.storyboard in Resources */ = {isa = PBXBuildFile; fileRef = 840238361EAE6A1B00E9DC91 /* Main.storyboard */; };
		8402383A1EAE6A1B00E9DC91 /* Assets.xcassets in Resources */ = {isa = PBXBuildFile; fileRef = 840238391EAE6A1B00E9DC91 /* Assets.xcassets */; };
		8402383D1EAE6A1B00E9DC91 /* LaunchScreen.storyboard in Resources */ = {isa = PBXBuildFile; fileRef = 8402383B1EAE6A1B00E9DC91 /* LaunchScreen.storyboard */; };
		840238481EAE6A1B00E9DC91 /* ShoppingCartTestTests.swift in Sources */ = {isa = PBXBuildFile; fileRef = 840238471EAE6A1B00E9DC91 /* ShoppingCartTestTests.swift */; };
		840238541EAE6CE100E9DC91 /* ProductItemTableViewCell.swift in Sources */ = {isa = PBXBuildFile; fileRef = 840238531EAE6CE100E9DC91 /* ProductItemTableViewCell.swift */; };
		840238561EAE6CF300E9DC91 /* ProductItemTableViewCell.xib in Resources */ = {isa = PBXBuildFile; fileRef = 840238551EAE6CF300E9DC91 /* ProductItemTableViewCell.xib */; };
		840238581EAE709400E9DC91 /* ProductListController.swift in Sources */ = {isa = PBXBuildFile; fileRef = 840238571EAE709400E9DC91 /* ProductListController.swift */; };
		8402385D1EAE72AA00E9DC91 /* ProductListPresenterImp.swift in Sources */ = {isa = PBXBuildFile; fileRef = 8402385C1EAE72AA00E9DC91 /* ProductListPresenterImp.swift */; };
		840238611EAE73C100E9DC91 /* Product.swift in Sources */ = {isa = PBXBuildFile; fileRef = 840238601EAE73C100E9DC91 /* Product.swift */; };
		840238631EAE741100E9DC91 /* ShoppingCart.swift in Sources */ = {isa = PBXBuildFile; fileRef = 840238621EAE741100E9DC91 /* ShoppingCart.swift */; };
		840238651EAE742C00E9DC91 /* ShoppingItem.swift in Sources */ = {isa = PBXBuildFile; fileRef = 840238641EAE742C00E9DC91 /* ShoppingItem.swift */; };
		840238671EAE75CF00E9DC91 /* DataLayer.swift in Sources */ = {isa = PBXBuildFile; fileRef = 840238661EAE75CF00E9DC91 /* DataLayer.swift */; };
		845BA4A41EAE83FC007DEF77 /* BaseViewController.swift in Sources */ = {isa = PBXBuildFile; fileRef = 845BA4A31EAE83FC007DEF77 /* BaseViewController.swift */; };
		845BA4A91EAE8D83007DEF77 /* UIImageView+Convenience.swift in Sources */ = {isa = PBXBuildFile; fileRef = 845BA4A81EAE8D83007DEF77 /* UIImageView+Convenience.swift */; };
		9135AD10D3D5D0918A45EDCE /* Pods_ShoppingCartTest.framework in Frameworks */ = {isa = PBXBuildFile; fileRef = 9F12A82D2B096645F9E0F52E /* Pods_ShoppingCartTest.framework */; };
		9B2AB5E26E13EE6EEFF7181F /* Pods_ShoppingCartTestTests.framework in Frameworks */ = {isa = PBXBuildFile; fileRef = 83E42D66F0BD0C90D990B9EB /* Pods_ShoppingCartTestTests.framework */; };
/* End PBXBuildFile section */

/* Begin PBXContainerItemProxy section */
		840238441EAE6A1B00E9DC91 /* PBXContainerItemProxy */ = {
			isa = PBXContainerItemProxy;
			containerPortal = 840238271EAE6A1B00E9DC91 /* Project object */;
			proxyType = 1;
			remoteGlobalIDString = 8402382E1EAE6A1B00E9DC91;
			remoteInfo = ShoppingCartTest;
		};
/* End PBXContainerItemProxy section */

/* Begin PBXFileReference section */
		33614740DD19D6690AD35EE3 /* Pods-ShoppingCartTestTests.release.xcconfig */ = {isa = PBXFileReference; includeInIndex = 1; lastKnownFileType = text.xcconfig; name = "Pods-ShoppingCartTestTests.release.xcconfig"; path = "Pods/Target Support Files/Pods-ShoppingCartTestTests/Pods-ShoppingCartTestTests.release.xcconfig"; sourceTree = "<group>"; };
		3D2162D27016E68E0220E15C /* Pods-ShoppingCartTest.debug.xcconfig */ = {isa = PBXFileReference; includeInIndex = 1; lastKnownFileType = text.xcconfig; name = "Pods-ShoppingCartTest.debug.xcconfig"; path = "Pods/Target Support Files/Pods-ShoppingCartTest/Pods-ShoppingCartTest.debug.xcconfig"; sourceTree = "<group>"; };
		50D66CAF5CD3610AB4A94995 /* Pods-ShoppingCartTestTests.debug.xcconfig */ = {isa = PBXFileReference; includeInIndex = 1; lastKnownFileType = text.xcconfig; name = "Pods-ShoppingCartTestTests.debug.xcconfig"; path = "Pods/Target Support Files/Pods-ShoppingCartTestTests/Pods-ShoppingCartTestTests.debug.xcconfig"; sourceTree = "<group>"; };
		83E42D66F0BD0C90D990B9EB /* Pods_ShoppingCartTestTests.framework */ = {isa = PBXFileReference; explicitFileType = wrapper.framework; includeInIndex = 0; path = Pods_ShoppingCartTestTests.framework; sourceTree = BUILT_PRODUCTS_DIR; };
		8402382F1EAE6A1B00E9DC91 /* ShoppingCartTest.app */ = {isa = PBXFileReference; explicitFileType = wrapper.application; includeInIndex = 0; path = ShoppingCartTest.app; sourceTree = BUILT_PRODUCTS_DIR; };
		840238321EAE6A1B00E9DC91 /* AppDelegate.swift */ = {isa = PBXFileReference; lastKnownFileType = sourcecode.swift; path = AppDelegate.swift; sourceTree = "<group>"; };
		840238371EAE6A1B00E9DC91 /* Base */ = {isa = PBXFileReference; lastKnownFileType = file.storyboard; name = Base; path = Base.lproj/Main.storyboard; sourceTree = "<group>"; };
		840238391EAE6A1B00E9DC91 /* Assets.xcassets */ = {isa = PBXFileReference; lastKnownFileType = folder.assetcatalog; path = Assets.xcassets; sourceTree = "<group>"; };
		8402383C1EAE6A1B00E9DC91 /* Base */ = {isa = PBXFileReference; lastKnownFileType = file.storyboard; name = Base; path = Base.lproj/LaunchScreen.storyboard; sourceTree = "<group>"; };
		8402383E1EAE6A1B00E9DC91 /* Info.plist */ = {isa = PBXFileReference; lastKnownFileType = text.plist.xml; path = Info.plist; sourceTree = "<group>"; };
		840238431EAE6A1B00E9DC91 /* ShoppingCartTestTests.xctest */ = {isa = PBXFileReference; explicitFileType = wrapper.cfbundle; includeInIndex = 0; path = ShoppingCartTestTests.xctest; sourceTree = BUILT_PRODUCTS_DIR; };
		840238471EAE6A1B00E9DC91 /* ShoppingCartTestTests.swift */ = {isa = PBXFileReference; lastKnownFileType = sourcecode.swift; path = ShoppingCartTestTests.swift; sourceTree = "<group>"; };
		840238491EAE6A1B00E9DC91 /* Info.plist */ = {isa = PBXFileReference; lastKnownFileType = text.plist.xml; path = Info.plist; sourceTree = "<group>"; };
		840238531EAE6CE100E9DC91 /* ProductItemTableViewCell.swift */ = {isa = PBXFileReference; fileEncoding = 4; lastKnownFileType = sourcecode.swift; path = ProductItemTableViewCell.swift; sourceTree = "<group>"; };
		840238551EAE6CF300E9DC91 /* ProductItemTableViewCell.xib */ = {isa = PBXFileReference; fileEncoding = 4; lastKnownFileType = file.xib; path = ProductItemTableViewCell.xib; sourceTree = "<group>"; };
		840238571EAE709400E9DC91 /* ProductListController.swift */ = {isa = PBXFileReference; fileEncoding = 4; lastKnownFileType = sourcecode.swift; path = ProductListController.swift; sourceTree = "<group>"; };
		8402385C1EAE72AA00E9DC91 /* ProductListPresenterImp.swift */ = {isa = PBXFileReference; fileEncoding = 4; lastKnownFileType = sourcecode.swift; path = ProductListPresenterImp.swift; sourceTree = "<group>"; };
		840238601EAE73C100E9DC91 /* Product.swift */ = {isa = PBXFileReference; fileEncoding = 4; lastKnownFileType = sourcecode.swift; path = Product.swift; sourceTree = "<group>"; };
		840238621EAE741100E9DC91 /* ShoppingCart.swift */ = {isa = PBXFileReference; fileEncoding = 4; lastKnownFileType = sourcecode.swift; path = ShoppingCart.swift; sourceTree = "<group>"; };
		840238641EAE742C00E9DC91 /* ShoppingItem.swift */ = {isa = PBXFileReference; fileEncoding = 4; lastKnownFileType = sourcecode.swift; path = ShoppingItem.swift; sourceTree = "<group>"; };
		840238661EAE75CF00E9DC91 /* DataLayer.swift */ = {isa = PBXFileReference; fileEncoding = 4; lastKnownFileType = sourcecode.swift; path = DataLayer.swift; sourceTree = "<group>"; };
		845BA4A31EAE83FC007DEF77 /* BaseViewController.swift */ = {isa = PBXFileReference; fileEncoding = 4; lastKnownFileType = sourcecode.swift; path = BaseViewController.swift; sourceTree = "<group>"; };
		845BA4A81EAE8D83007DEF77 /* UIImageView+Convenience.swift */ = {isa = PBXFileReference; fileEncoding = 4; lastKnownFileType = sourcecode.swift; path = "UIImageView+Convenience.swift"; sourceTree = "<group>"; };
		944258D554D9F6F39948202E /* Pods-ShoppingCartTest.release.xcconfig */ = {isa = PBXFileReference; includeInIndex = 1; lastKnownFileType = text.xcconfig; name = "Pods-ShoppingCartTest.release.xcconfig"; path = "Pods/Target Support Files/Pods-ShoppingCartTest/Pods-ShoppingCartTest.release.xcconfig"; sourceTree = "<group>"; };
		9F12A82D2B096645F9E0F52E /* Pods_ShoppingCartTest.framework */ = {isa = PBXFileReference; explicitFileType = wrapper.framework; includeInIndex = 0; path = Pods_ShoppingCartTest.framework; sourceTree = BUILT_PRODUCTS_DIR; };
/* End PBXFileReference section */

/* Begin PBXFrameworksBuildPhase section */
		8402382C1EAE6A1B00E9DC91 /* Frameworks */ = {
			isa = PBXFrameworksBuildPhase;
			buildActionMask = 2147483647;
			files = (
				9135AD10D3D5D0918A45EDCE /* Pods_ShoppingCartTest.framework in Frameworks */,
			);
			runOnlyForDeploymentPostprocessing = 0;
		};
		840238401EAE6A1B00E9DC91 /* Frameworks */ = {
			isa = PBXFrameworksBuildPhase;
			buildActionMask = 2147483647;
			files = (
				9B2AB5E26E13EE6EEFF7181F /* Pods_ShoppingCartTestTests.framework in Frameworks */,
			);
			runOnlyForDeploymentPostprocessing = 0;
		};
/* End PBXFrameworksBuildPhase section */

/* Begin PBXGroup section */
		5A559A421B23E430EBCA3386 /* Pods */ = {
			isa = PBXGroup;
			children = (
				3D2162D27016E68E0220E15C /* Pods-ShoppingCartTest.debug.xcconfig */,
				944258D554D9F6F39948202E /* Pods-ShoppingCartTest.release.xcconfig */,
				50D66CAF5CD3610AB4A94995 /* Pods-ShoppingCartTestTests.debug.xcconfig */,
				33614740DD19D6690AD35EE3 /* Pods-ShoppingCartTestTests.release.xcconfig */,
			);
			name = Pods;
			sourceTree = "<group>";
		};
		840238261EAE6A1B00E9DC91 = {
			isa = PBXGroup;
			children = (
				840238311EAE6A1B00E9DC91 /* ShoppingCartTest */,
				840238461EAE6A1B00E9DC91 /* ShoppingCartTestTests */,
				840238301EAE6A1B00E9DC91 /* Products */,
				5A559A421B23E430EBCA3386 /* Pods */,
				9E26681FEBFA8A39E073D0B4 /* Frameworks */,
			);
			sourceTree = "<group>";
		};
		840238301EAE6A1B00E9DC91 /* Products */ = {
			isa = PBXGroup;
			children = (
				8402382F1EAE6A1B00E9DC91 /* ShoppingCartTest.app */,
				840238431EAE6A1B00E9DC91 /* ShoppingCartTestTests.xctest */,
			);
			name = Products;
			sourceTree = "<group>";
		};
		840238311EAE6A1B00E9DC91 /* ShoppingCartTest */ = {
			isa = PBXGroup;
			children = (
				845BA4A51EAE8453007DEF77 /* Extensions */,
				8402385F1EAE737900E9DC91 /* DataLayer */,
				8402385E1EAE737300E9DC91 /* Model */,
				8402385A1EAE727200E9DC91 /* App */,
				840238321EAE6A1B00E9DC91 /* AppDelegate.swift */,
				840238361EAE6A1B00E9DC91 /* Main.storyboard */,
				840238391EAE6A1B00E9DC91 /* Assets.xcassets */,
				8402383B1EAE6A1B00E9DC91 /* LaunchScreen.storyboard */,
				8402383E1EAE6A1B00E9DC91 /* Info.plist */,
			);
			path = ShoppingCartTest;
			sourceTree = "<group>";
		};
		840238461EAE6A1B00E9DC91 /* ShoppingCartTestTests */ = {
			isa = PBXGroup;
			children = (
				840238471EAE6A1B00E9DC91 /* ShoppingCartTestTests.swift */,
				840238491EAE6A1B00E9DC91 /* Info.plist */,
			);
			path = ShoppingCartTestTests;
			sourceTree = "<group>";
		};
		840238521EAE6C8100E9DC91 /* Components */ = {
			isa = PBXGroup;
			children = (
				840238531EAE6CE100E9DC91 /* ProductItemTableViewCell.swift */,
				840238551EAE6CF300E9DC91 /* ProductItemTableViewCell.xib */,
			);
			name = Components;
			sourceTree = "<group>";
		};
		840238591EAE726600E9DC91 /* ProductList */ = {
			isa = PBXGroup;
			children = (
				845BA4A21EAE83CD007DEF77 /* Controllers */,
				8402385B1EAE728600E9DC91 /* Presenters */,
				840238521EAE6C8100E9DC91 /* Components */,
			);
			name = ProductList;
			sourceTree = "<group>";
		};
		8402385A1EAE727200E9DC91 /* App */ = {
			isa = PBXGroup;
			children = (
				840238591EAE726600E9DC91 /* ProductList */,
			);
			name = App;
			sourceTree = "<group>";
		};
		8402385B1EAE728600E9DC91 /* Presenters */ = {
			isa = PBXGroup;
			children = (
				8402385C1EAE72AA00E9DC91 /* ProductListPresenterImp.swift */,
			);
			name = Presenters;
			sourceTree = "<group>";
		};
		8402385E1EAE737300E9DC91 /* Model */ = {
			isa = PBXGroup;
			children = (
				840238601EAE73C100E9DC91 /* Product.swift */,
				840238621EAE741100E9DC91 /* ShoppingCart.swift */,
				840238641EAE742C00E9DC91 /* ShoppingItem.swift */,
			);
			name = Model;
			sourceTree = "<group>";
		};
		8402385F1EAE737900E9DC91 /* DataLayer */ = {
			isa = PBXGroup;
			children = (
				840238661EAE75CF00E9DC91 /* DataLayer.swift */,
			);
			name = DataLayer;
			sourceTree = "<group>";
		};
		845BA4A21EAE83CD007DEF77 /* Controllers */ = {
			isa = PBXGroup;
			children = (
				845BA4A31EAE83FC007DEF77 /* BaseViewController.swift */,
				840238571EAE709400E9DC91 /* ProductListController.swift */,
			);
			name = Controllers;
			sourceTree = "<group>";
		};
		845BA4A51EAE8453007DEF77 /* Extensions */ = {
			isa = PBXGroup;
			children = (
				845BA4A81EAE8D83007DEF77 /* UIImageView+Convenience.swift */,
			);
			name = Extensions;
			sourceTree = "<group>";
		};
		9E26681FEBFA8A39E073D0B4 /* Frameworks */ = {
			isa = PBXGroup;
			children = (
				9F12A82D2B096645F9E0F52E /* Pods_ShoppingCartTest.framework */,
				83E42D66F0BD0C90D990B9EB /* Pods_ShoppingCartTestTests.framework */,
			);
			name = Frameworks;
			sourceTree = "<group>";
		};
/* End PBXGroup section */

/* Begin PBXNativeTarget section */
		8402382E1EAE6A1B00E9DC91 /* ShoppingCartTest */ = {
			isa = PBXNativeTarget;
			buildConfigurationList = 8402384C1EAE6A1B00E9DC91 /* Build configuration list for PBXNativeTarget "ShoppingCartTest" */;
			buildPhases = (
				E6F1E0CBFFF467810AA5D343 /* [CP] Check Pods Manifest.lock */,
				8402382B1EAE6A1B00E9DC91 /* Sources */,
				8402382C1EAE6A1B00E9DC91 /* Frameworks */,
				8402382D1EAE6A1B00E9DC91 /* Resources */,
				8EC364C653BB16BF57EEA635 /* [CP] Embed Pods Frameworks */,
				9B51A97EB42466D22207A7D0 /* [CP] Copy Pods Resources */,
			);
			buildRules = (
			);
			dependencies = (
			);
			name = ShoppingCartTest;
			productName = ShoppingCartTest;
			productReference = 8402382F1EAE6A1B00E9DC91 /* ShoppingCartTest.app */;
			productType = "com.apple.product-type.application";
		};
		840238421EAE6A1B00E9DC91 /* ShoppingCartTestTests */ = {
			isa = PBXNativeTarget;
			buildConfigurationList = 8402384F1EAE6A1B00E9DC91 /* Build configuration list for PBXNativeTarget "ShoppingCartTestTests" */;
			buildPhases = (
				933E2A5B97B35B296D1CD653 /* [CP] Check Pods Manifest.lock */,
				8402383F1EAE6A1B00E9DC91 /* Sources */,
				840238401EAE6A1B00E9DC91 /* Frameworks */,
				840238411EAE6A1B00E9DC91 /* Resources */,
				C2FDA953679DB8B916D6F052 /* [CP] Embed Pods Frameworks */,
				E127E35ADAB332C3CE044194 /* [CP] Copy Pods Resources */,
			);
			buildRules = (
			);
			dependencies = (
				840238451EAE6A1B00E9DC91 /* PBXTargetDependency */,
			);
			name = ShoppingCartTestTests;
			productName = ShoppingCartTestTests;
			productReference = 840238431EAE6A1B00E9DC91 /* ShoppingCartTestTests.xctest */;
			productType = "com.apple.product-type.bundle.unit-test";
		};
/* End PBXNativeTarget section */

/* Begin PBXProject section */
		840238271EAE6A1B00E9DC91 /* Project object */ = {
			isa = PBXProject;
			attributes = {
				LastSwiftUpdateCheck = 0820;
				LastUpgradeCheck = 0820;
				ORGANIZATIONNAME = Infinixsoft;
				TargetAttributes = {
					8402382E1EAE6A1B00E9DC91 = {
						CreatedOnToolsVersion = 8.2.1;
						DevelopmentTeam = 85X93723EU;
						ProvisioningStyle = Automatic;
					};
					840238421EAE6A1B00E9DC91 = {
						CreatedOnToolsVersion = 8.2.1;
						DevelopmentTeam = 85X93723EU;
						ProvisioningStyle = Automatic;
						TestTargetID = 8402382E1EAE6A1B00E9DC91;
					};
				};
			};
			buildConfigurationList = 8402382A1EAE6A1B00E9DC91 /* Build configuration list for PBXProject "ShoppingCartTest" */;
			compatibilityVersion = "Xcode 3.2";
			developmentRegion = English;
			hasScannedForEncodings = 0;
			knownRegions = (
				en,
				Base,
			);
			mainGroup = 840238261EAE6A1B00E9DC91;
			productRefGroup = 840238301EAE6A1B00E9DC91 /* Products */;
			projectDirPath = "";
			projectRoot = "";
			targets = (
				8402382E1EAE6A1B00E9DC91 /* ShoppingCartTest */,
				840238421EAE6A1B00E9DC91 /* ShoppingCartTestTests */,
			);
		};
/* End PBXProject section */

/* Begin PBXResourcesBuildPhase section */
		8402382D1EAE6A1B00E9DC91 /* Resources */ = {
			isa = PBXResourcesBuildPhase;
			buildActionMask = 2147483647;
			files = (
				840238561EAE6CF300E9DC91 /* ProductItemTableViewCell.xib in Resources */,
				8402383D1EAE6A1B00E9DC91 /* LaunchScreen.storyboard in Resources */,
				8402383A1EAE6A1B00E9DC91 /* Assets.xcassets in Resources */,
				840238381EAE6A1B00E9DC91 /* Main.storyboard in Resources */,
			);
			runOnlyForDeploymentPostprocessing = 0;
		};
		840238411EAE6A1B00E9DC91 /* Resources */ = {
			isa = PBXResourcesBuildPhase;
			buildActionMask = 2147483647;
			files = (
			);
			runOnlyForDeploymentPostprocessing = 0;
		};
/* End PBXResourcesBuildPhase section */

/* Begin PBXShellScriptBuildPhase section */
		8EC364C653BB16BF57EEA635 /* [CP] Embed Pods Frameworks */ = {
			isa = PBXShellScriptBuildPhase;
			buildActionMask = 2147483647;
			files = (
			);
			inputPaths = (
			);
			name = "[CP] Embed Pods Frameworks";
			outputPaths = (
			);
			runOnlyForDeploymentPostprocessing = 0;
			shellPath = /bin/sh;
			shellScript = "\"${SRCROOT}/Pods/Target Support Files/Pods-ShoppingCartTest/Pods-ShoppingCartTest-frameworks.sh\"\n";
			showEnvVarsInLog = 0;
		};
		933E2A5B97B35B296D1CD653 /* [CP] Check Pods Manifest.lock */ = {
			isa = PBXShellScriptBuildPhase;
			buildActionMask = 2147483647;
			files = (
			);
			inputPaths = (
			);
			name = "[CP] Check Pods Manifest.lock";
			outputPaths = (
			);
			runOnlyForDeploymentPostprocessing = 0;
			shellPath = /bin/sh;
			shellScript = "diff \"${PODS_ROOT}/../Podfile.lock\" \"${PODS_ROOT}/Manifest.lock\" > /dev/null\nif [[ $? != 0 ]] ; then\n    cat << EOM\nerror: The sandbox is not in sync with the Podfile.lock. Run 'pod install' or update your CocoaPods installation.\nEOM\n    exit 1\nfi\n";
			showEnvVarsInLog = 0;
		};
		9B51A97EB42466D22207A7D0 /* [CP] Copy Pods Resources */ = {
			isa = PBXShellScriptBuildPhase;
			buildActionMask = 2147483647;
			files = (
			);
			inputPaths = (
			);
			name = "[CP] Copy Pods Resources";
			outputPaths = (
			);
			runOnlyForDeploymentPostprocessing = 0;
			shellPath = /bin/sh;
			shellScript = "\"${SRCROOT}/Pods/Target Support Files/Pods-ShoppingCartTest/Pods-ShoppingCartTest-resources.sh\"\n";
			showEnvVarsInLog = 0;
		};
		C2FDA953679DB8B916D6F052 /* [CP] Embed Pods Frameworks */ = {
			isa = PBXShellScriptBuildPhase;
			buildActionMask = 2147483647;
			files = (
			);
			inputPaths = (
			);
			name = "[CP] Embed Pods Frameworks";
			outputPaths = (
			);
			runOnlyForDeploymentPostprocessing = 0;
			shellPath = /bin/sh;
			shellScript = "\"${SRCROOT}/Pods/Target Support Files/Pods-ShoppingCartTestTests/Pods-ShoppingCartTestTests-frameworks.sh\"\n";
			showEnvVarsInLog = 0;
		};
		E127E35ADAB332C3CE044194 /* [CP] Copy Pods Resources */ = {
			isa = PBXShellScriptBuildPhase;
			buildActionMask = 2147483647;
			files = (
			);
			inputPaths = (
			);
			name = "[CP] Copy Pods Resources";
			outputPaths = (
			);
			runOnlyForDeploymentPostprocessing = 0;
			shellPath = /bin/sh;
			shellScript = "\"${SRCROOT}/Pods/Target Support Files/Pods-ShoppingCartTestTests/Pods-ShoppingCartTestTests-resources.sh\"\n";
			showEnvVarsInLog = 0;
		};
		E6F1E0CBFFF467810AA5D343 /* [CP] Check Pods Manifest.lock */ = {
			isa = PBXShellScriptBuildPhase;
			buildActionMask = 2147483647;
			files = (
			);
			inputPaths = (
			);
			name = "[CP] Check Pods Manifest.lock";
			outputPaths = (
			);
			runOnlyForDeploymentPostprocessing = 0;
			shellPath = /bin/sh;
			shellScript = "diff \"${PODS_ROOT}/../Podfile.lock\" \"${PODS_ROOT}/Manifest.lock\" > /dev/null\nif [[ $? != 0 ]] ; then\n    cat << EOM\nerror: The sandbox is not in sync with the Podfile.lock. Run 'pod install' or update your CocoaPods installation.\nEOM\n    exit 1\nfi\n";
			showEnvVarsInLog = 0;
		};
/* End PBXShellScriptBuildPhase section */

/* Begin PBXSourcesBuildPhase section */
		8402382B1EAE6A1B00E9DC91 /* Sources */ = {
			isa = PBXSourcesBuildPhase;
			buildActionMask = 2147483647;
			files = (
				840238631EAE741100E9DC91 /* ShoppingCart.swift in Sources */,
				840238671EAE75CF00E9DC91 /* DataLayer.swift in Sources */,
				840238581EAE709400E9DC91 /* ProductListController.swift in Sources */,
				8402385D1EAE72AA00E9DC91 /* ProductListPresenterImp.swift in Sources */,
				840238611EAE73C100E9DC91 /* Product.swift in Sources */,
				845BA4A41EAE83FC007DEF77 /* BaseViewController.swift in Sources */,
				845BA4A91EAE8D83007DEF77 /* UIImageView+Convenience.swift in Sources */,
				840238651EAE742C00E9DC91 /* ShoppingItem.swift in Sources */,
				840238331EAE6A1B00E9DC91 /* AppDelegate.swift in Sources */,
				840238541EAE6CE100E9DC91 /* ProductItemTableViewCell.swift in Sources */,
			);
			runOnlyForDeploymentPostprocessing = 0;
		};
		8402383F1EAE6A1B00E9DC91 /* Sources */ = {
			isa = PBXSourcesBuildPhase;
			buildActionMask = 2147483647;
			files = (
				840238481EAE6A1B00E9DC91 /* ShoppingCartTestTests.swift in Sources */,
			);
			runOnlyForDeploymentPostprocessing = 0;
		};
/* End PBXSourcesBuildPhase section */

/* Begin PBXTargetDependency section */
		840238451EAE6A1B00E9DC91 /* PBXTargetDependency */ = {
			isa = PBXTargetDependency;
			target = 8402382E1EAE6A1B00E9DC91 /* ShoppingCartTest */;
			targetProxy = 840238441EAE6A1B00E9DC91 /* PBXContainerItemProxy */;
		};
/* End PBXTargetDependency section */

/* Begin PBXVariantGroup section */
		840238361EAE6A1B00E9DC91 /* Main.storyboard */ = {
			isa = PBXVariantGroup;
			children = (
				840238371EAE6A1B00E9DC91 /* Base */,
			);
			name = Main.storyboard;
			sourceTree = "<group>";
		};
		8402383B1EAE6A1B00E9DC91 /* LaunchScreen.storyboard */ = {
			isa = PBXVariantGroup;
			children = (
				8402383C1EAE6A1B00E9DC91 /* Base */,
			);
			name = LaunchScreen.storyboard;
			sourceTree = "<group>";
		};
/* End PBXVariantGroup section */

/* Begin XCBuildConfiguration section */
		8402384A1EAE6A1B00E9DC91 /* Debug */ = {
			isa = XCBuildConfiguration;
			buildSettings = {
				ALWAYS_SEARCH_USER_PATHS = NO;
				CLANG_ANALYZER_NONNULL = YES;
				CLANG_CXX_LANGUAGE_STANDARD = "gnu++0x";
				CLANG_CXX_LIBRARY = "libc++";
				CLANG_ENABLE_MODULES = YES;
				CLANG_ENABLE_OBJC_ARC = YES;
				CLANG_WARN_BOOL_CONVERSION = YES;
				CLANG_WARN_CONSTANT_CONVERSION = YES;
				CLANG_WARN_DIRECT_OBJC_ISA_USAGE = YES_ERROR;
				CLANG_WARN_DOCUMENTATION_COMMENTS = YES;
				CLANG_WARN_EMPTY_BODY = YES;
				CLANG_WARN_ENUM_CONVERSION = YES;
				CLANG_WARN_INFINITE_RECURSION = YES;
				CLANG_WARN_INT_CONVERSION = YES;
				CLANG_WARN_OBJC_ROOT_CLASS = YES_ERROR;
				CLANG_WARN_SUSPICIOUS_MOVE = YES;
				CLANG_WARN_UNREACHABLE_CODE = YES;
				CLANG_WARN__DUPLICATE_METHOD_MATCH = YES;
				"CODE_SIGN_IDENTITY[sdk=iphoneos*]" = "iPhone Developer";
				COPY_PHASE_STRIP = NO;
				DEBUG_INFORMATION_FORMAT = dwarf;
				ENABLE_STRICT_OBJC_MSGSEND = YES;
				ENABLE_TESTABILITY = YES;
				GCC_C_LANGUAGE_STANDARD = gnu99;
				GCC_DYNAMIC_NO_PIC = NO;
				GCC_NO_COMMON_BLOCKS = YES;
				GCC_OPTIMIZATION_LEVEL = 0;
				GCC_PREPROCESSOR_DEFINITIONS = (
					"DEBUG=1",
					"$(inherited)",
				);
				GCC_WARN_64_TO_32_BIT_CONVERSION = YES;
				GCC_WARN_ABOUT_RETURN_TYPE = YES_ERROR;
				GCC_WARN_UNDECLARED_SELECTOR = YES;
				GCC_WARN_UNINITIALIZED_AUTOS = YES_AGGRESSIVE;
				GCC_WARN_UNUSED_FUNCTION = YES;
				GCC_WARN_UNUSED_VARIABLE = YES;
				IPHONEOS_DEPLOYMENT_TARGET = 10.2;
				MTL_ENABLE_DEBUG_INFO = YES;
				ONLY_ACTIVE_ARCH = YES;
				SDKROOT = iphoneos;
				SWIFT_ACTIVE_COMPILATION_CONDITIONS = DEBUG;
				SWIFT_OPTIMIZATION_LEVEL = "-Onone";
			};
			name = Debug;
		};
		8402384B1EAE6A1B00E9DC91 /* Release */ = {
			isa = XCBuildConfiguration;
			buildSettings = {
				ALWAYS_SEARCH_USER_PATHS = NO;
				CLANG_ANALYZER_NONNULL = YES;
				CLANG_CXX_LANGUAGE_STANDARD = "gnu++0x";
				CLANG_CXX_LIBRARY = "libc++";
				CLANG_ENABLE_MODULES = YES;
				CLANG_ENABLE_OBJC_ARC = YES;
				CLANG_WARN_BOOL_CONVERSION = YES;
				CLANG_WARN_CONSTANT_CONVERSION = YES;
				CLANG_WARN_DIRECT_OBJC_ISA_USAGE = YES_ERROR;
				CLANG_WARN_DOCUMENTATION_COMMENTS = YES;
				CLANG_WARN_EMPTY_BODY = YES;
				CLANG_WARN_ENUM_CONVERSION = YES;
				CLANG_WARN_INFINITE_RECURSION = YES;
				CLANG_WARN_INT_CONVERSION = YES;
				CLANG_WARN_OBJC_ROOT_CLASS = YES_ERROR;
				CLANG_WARN_SUSPICIOUS_MOVE = YES;
				CLANG_WARN_UNREACHABLE_CODE = YES;
				CLANG_WARN__DUPLICATE_METHOD_MATCH = YES;
				"CODE_SIGN_IDENTITY[sdk=iphoneos*]" = "iPhone Developer";
				COPY_PHASE_STRIP = NO;
				DEBUG_INFORMATION_FORMAT = "dwarf-with-dsym";
				ENABLE_NS_ASSERTIONS = NO;
				ENABLE_STRICT_OBJC_MSGSEND = YES;
				GCC_C_LANGUAGE_STANDARD = gnu99;
				GCC_NO_COMMON_BLOCKS = YES;
				GCC_WARN_64_TO_32_BIT_CONVERSION = YES;
				GCC_WARN_ABOUT_RETURN_TYPE = YES_ERROR;
				GCC_WARN_UNDECLARED_SELECTOR = YES;
				GCC_WARN_UNINITIALIZED_AUTOS = YES_AGGRESSIVE;
				GCC_WARN_UNUSED_FUNCTION = YES;
				GCC_WARN_UNUSED_VARIABLE = YES;
				IPHONEOS_DEPLOYMENT_TARGET = 10.2;
				MTL_ENABLE_DEBUG_INFO = NO;
				SDKROOT = iphoneos;
				SWIFT_OPTIMIZATION_LEVEL = "-Owholemodule";
				VALIDATE_PRODUCT = YES;
			};
			name = Release;
		};
		8402384D1EAE6A1B00E9DC91 /* Debug */ = {
			isa = XCBuildConfiguration;
			baseConfigurationReference = 3D2162D27016E68E0220E15C /* Pods-ShoppingCartTest.debug.xcconfig */;
			buildSettings = {
				ASSETCATALOG_COMPILER_APPICON_NAME = AppIcon;
				DEVELOPMENT_TEAM = 85X93723EU;
				INFOPLIST_FILE = ShoppingCartTest/Info.plist;
				LD_RUNPATH_SEARCH_PATHS = "$(inherited) @executable_path/Frameworks";
				PRODUCT_BUNDLE_IDENTIFIER = infinixsoft.ShoppingCartTest;
				PRODUCT_NAME = "$(TARGET_NAME)";
				SWIFT_VERSION = 3.0;
			};
			name = Debug;
		};
		8402384E1EAE6A1B00E9DC91 /* Release */ = {
			isa = XCBuildConfiguration;
			baseConfigurationReference = 944258D554D9F6F39948202E /* Pods-ShoppingCartTest.release.xcconfig */;
			buildSettings = {
				ASSETCATALOG_COMPILER_APPICON_NAME = AppIcon;
				DEVELOPMENT_TEAM = 85X93723EU;
				INFOPLIST_FILE = ShoppingCartTest/Info.plist;
				LD_RUNPATH_SEARCH_PATHS = "$(inherited) @executable_path/Frameworks";
				PRODUCT_BUNDLE_IDENTIFIER = infinixsoft.ShoppingCartTest;
				PRODUCT_NAME = "$(TARGET_NAME)";
				SWIFT_VERSION = 3.0;
			};
			name = Release;
		};
		840238501EAE6A1B00E9DC91 /* Debug */ = {
			isa = XCBuildConfiguration;
			baseConfigurationReference = 50D66CAF5CD3610AB4A94995 /* Pods-ShoppingCartTestTests.debug.xcconfig */;
			buildSettings = {
				ALWAYS_EMBED_SWIFT_STANDARD_LIBRARIES = YES;
				BUNDLE_LOADER = "$(TEST_HOST)";
				DEVELOPMENT_TEAM = 85X93723EU;
				INFOPLIST_FILE = ShoppingCartTestTests/Info.plist;
				LD_RUNPATH_SEARCH_PATHS = "$(inherited) @executable_path/Frameworks @loader_path/Frameworks";
				PRODUCT_BUNDLE_IDENTIFIER = infinixsoft.ShoppingCartTestTests;
				PRODUCT_NAME = "$(TARGET_NAME)";
				SWIFT_VERSION = 3.0;
				TEST_HOST = "$(BUILT_PRODUCTS_DIR)/ShoppingCartTest.app/ShoppingCartTest";
			};
			name = Debug;
		};
		840238511EAE6A1B00E9DC91 /* Release */ = {
			isa = XCBuildConfiguration;
			baseConfigurationReference = 33614740DD19D6690AD35EE3 /* Pods-ShoppingCartTestTests.release.xcconfig */;
			buildSettings = {
				ALWAYS_EMBED_SWIFT_STANDARD_LIBRARIES = YES;
				BUNDLE_LOADER = "$(TEST_HOST)";
				DEVELOPMENT_TEAM = 85X93723EU;
				INFOPLIST_FILE = ShoppingCartTestTests/Info.plist;
				LD_RUNPATH_SEARCH_PATHS = "$(inherited) @executable_path/Frameworks @loader_path/Frameworks";
				PRODUCT_BUNDLE_IDENTIFIER = infinixsoft.ShoppingCartTestTests;
				PRODUCT_NAME = "$(TARGET_NAME)";
				SWIFT_VERSION = 3.0;
				TEST_HOST = "$(BUILT_PRODUCTS_DIR)/ShoppingCartTest.app/ShoppingCartTest";
			};
			name = Release;
		};
/* End XCBuildConfiguration section */

/* Begin XCConfigurationList section */
		8402382A1EAE6A1B00E9DC91 /* Build configuration list for PBXProject "ShoppingCartTest" */ = {
			isa = XCConfigurationList;
			buildConfigurations = (
				8402384A1EAE6A1B00E9DC91 /* Debug */,
				8402384B1EAE6A1B00E9DC91 /* Release */,
			);
			defaultConfigurationIsVisible = 0;
			defaultConfigurationName = Release;
		};
		8402384C1EAE6A1B00E9DC91 /* Build configuration list for PBXNativeTarget "ShoppingCartTest" */ = {
			isa = XCConfigurationList;
			buildConfigurations = (
				8402384D1EAE6A1B00E9DC91 /* Debug */,
				8402384E1EAE6A1B00E9DC91 /* Release */,
			);
			defaultConfigurationIsVisible = 0;
			defaultConfigurationName = Release;
		};
		8402384F1EAE6A1B00E9DC91 /* Build configuration list for PBXNativeTarget "ShoppingCartTestTests" */ = {
			isa = XCConfigurationList;
			buildConfigurations = (
				840238501EAE6A1B00E9DC91 /* Debug */,
				840238511EAE6A1B00E9DC91 /* Release */,
			);
			defaultConfigurationIsVisible = 0;
			defaultConfigurationName = Release;
		};
/* End XCConfigurationList section */
	};
	rootObject = 840238271EAE6A1B00E9DC91 /* Project object */;
}
